
Microsoft Visual Studio Solution File, Format Version 12.00
# Visual Studio 14
VisualStudioVersion = 14.0.25420.1
MinimumVisualStudioVersion = 10.0.40219.1
Project("{FAE04EC0-301F-11D3-BF4B-00C04F79EFBC}") = "NinjaDomain.Classes", "NinjaDomain.Classes\NinjaDomain.Classes.csproj", "{C7D6DE1E-B049-413C-B970-2E2513B04224}"
EndProject
Project("{FAE04EC0-301F-11D3-BF4B-00C04F79EFBC}") = "NinjaDomain.DataModel", "NinjaDomain.DataModel\NinjaDomain.DataModel.csproj", "{705CDFFC-B023-4C2D-9B11-16152E7AEE91}"
EndProject
Project("{FAE04EC0-301F-11D3-BF4B-00C04F79EFBC}") = "NinjaDomain.ConsoleApp", "NinjaDomain.ConsoleApp\NinjaDomain.ConsoleApp.csproj", "{66FEE4A2-5CD7-4DDD-9F52-8511E7EAF791}"
EndProject
Project("{2150E333-8FDC-42A3-9474-1A3956D46DE8}") = "MVC5", "MVC5", "{735532C0-D009-4FD5-8419-00E310CD44A7}"
EndProject
Project("{FAE04EC0-301F-11D3-BF4B-00C04F79EFBC}") = "MVCAppNinjaOnly", "MVCApp\MVCAppNinjaOnly.csproj", "{F2A84553-C570-4EA1-B0BB-B9069BDE50A0}"
EndProject
Project("{FAE04EC0-301F-11D3-BF4B-00C04F79EFBC}") = "MVCAppRepository", "MVCApp Repository\MVCAppRepository.csproj", "{0404AE1B-573E-4123-BF51-E8D671C2A6F6}"
EndProject
Project("{2150E333-8FDC-42A3-9474-1A3956D46DE8}") = "Web Api", "Web Api", "{D37F966F-E224-41C0-BCEC-D436109AD420}"
EndProject
Project("{FAE04EC0-301F-11D3-BF4B-00C04F79EFBC}") = "WebAPI", "WebAPI\WebAPI.csproj", "{6B45C96E-6B98-42A1-B00C-5891CC9C643B}"
EndProject
Global
	GlobalSection(SolutionConfigurationPlatforms) = preSolution
		Debug|Any CPU = Debug|Any CPU
		Release|Any CPU = Release|Any CPU
	EndGlobalSection
	GlobalSection(ProjectConfigurationPlatforms) = postSolution
		{C7D6DE1E-B049-413C-B970-2E2513B04224}.Debug|Any CPU.ActiveCfg = Debug|Any CPU
		{C7D6DE1E-B049-413C-B970-2E2513B04224}.Debug|Any CPU.Build.0 = Debug|Any CPU
		{C7D6DE1E-B049-413C-B970-2E2513B04224}.Release|Any CPU.ActiveCfg = Release|Any CPU
		{C7D6DE1E-B049-413C-B970-2E2513B04224}.Release|Any CPU.Build.0 = Release|Any CPU
		{705CDFFC-B023-4C2D-9B11-16152E7AEE91}.Debug|Any CPU.ActiveCfg = Debug|Any CPU
		{705CDFFC-B023-4C2D-9B11-16152E7AEE91}.Debug|Any CPU.Build.0 = Debug|Any CPU
		{705CDFFC-B023-4C2D-9B11-16152E7AEE91}.Release|Any CPU.ActiveCfg = Release|Any CPU
		{705CDFFC-B023-4C2D-9B11-16152E7AEE91}.Release|Any CPU.Build.0 = Release|Any CPU
		{66FEE4A2-5CD7-4DDD-9F52-8511E7EAF791}.Debug|Any CPU.ActiveCfg = Debug|Any CPU
		{66FEE4A2-5CD7-4DDD-9F52-8511E7EAF791}.Debug|Any CPU.Build.0 = Debug|Any CPU
		{66FEE4A2-5CD7-4DDD-9F52-8511E7EAF791}.Release|Any CPU.ActiveCfg = Release|Any CPU
		{66FEE4A2-5CD7-4DDD-9F52-8511E7EAF791}.Release|Any CPU.Build.0 = Release|Any CPU
		{F2A84553-C570-4EA1-B0BB-B9069BDE50A0}.Debug|Any CPU.ActiveCfg = Debug|Any CPU
		{F2A84553-C570-4EA1-B0BB-B9069BDE50A0}.Debug|Any CPU.Build.0 = Debug|Any CPU
		{F2A84553-C570-4EA1-B0BB-B9069BDE50A0}.Release|Any CPU.ActiveCfg = Release|Any CPU
		{F2A84553-C570-4EA1-B0BB-B9069BDE50A0}.Release|Any CPU.Build.0 = Release|Any CPU
		{0404AE1B-573E-4123-BF51-E8D671C2A6F6}.Debug|Any CPU.ActiveCfg = Debug|Any CPU
		{0404AE1B-573E-4123-BF51-E8D671C2A6F6}.Debug|Any CPU.Build.0 = Debug|Any CPU
		{0404AE1B-573E-4123-BF51-E8D671C2A6F6}.Release|Any CPU.ActiveCfg = Release|Any CPU
		{0404AE1B-573E-4123-BF51-E8D671C2A6F6}.Release|Any CPU.Build.0 = Release|Any CPU
		{6B45C96E-6B98-42A1-B00C-5891CC9C643B}.Debug|Any CPU.ActiveCfg = Debug|Any CPU
		{6B45C96E-6B98-42A1-B00C-5891CC9C643B}.Debug|Any CPU.Build.0 = Debug|Any CPU
		{6B45C96E-6B98-42A1-B00C-5891CC9C643B}.Release|Any CPU.ActiveCfg = Release|Any CPU
		{6B45C96E-6B98-42A1-B00C-5891CC9C643B}.Release|Any CPU.Build.0 = Release|Any CPU
	EndGlobalSection
	GlobalSection(SolutionProperties) = preSolution
		HideSolutionNode = FALSE
	EndGlobalSection
	GlobalSection(NestedProjects) = preSolution
		{F2A84553-C570-4EA1-B0BB-B9069BDE50A0} = {735532C0-D009-4FD5-8419-00E310CD44A7}
		{0404AE1B-573E-4123-BF51-E8D671C2A6F6} = {735532C0-D009-4FD5-8419-00E310CD44A7}
		{6B45C96E-6B98-42A1-B00C-5891CC9C643B} = {D37F966F-E224-41C0-BCEC-D436109AD420}
	EndGlobalSection
EndGlobal
